
Microsoft Visual Studio Solution File, Format Version 12.00
# Visual Studio Version 17
VisualStudioVersion = 17.5.33502.453
MinimumVisualStudioVersion = 10.0.40219.1
Project("{9A19103F-16F7-4668-BE54-9A1E7A4F7556}") = "Bezdzione", "Bezdzione.csproj", "{7C1F7BED-4868-433F-B98A-7B2E9FE97287}"
EndProject
Project("{9A19103F-16F7-4668-BE54-9A1E7A4F7556}") = "BezdzioneTests", "BezdzioneTests\BezdzioneTests.csproj", "{CE8E3BD7-3829-4717-BC54-2A231986892F}"
EndProject
Global
	GlobalSection(SolutionConfigurationPlatforms) = preSolution
		Debug|Any CPU = Debug|Any CPU
		Release|Any CPU = Release|Any CPU
	EndGlobalSection
	GlobalSection(ProjectConfigurationPlatforms) = postSolution
		{7C1F7BED-4868-433F-B98A-7B2E9FE97287}.Debug|Any CPU.ActiveCfg = Debug|Any CPU
		{7C1F7BED-4868-433F-B98A-7B2E9FE97287}.Debug|Any CPU.Build.0 = Debug|Any CPU
		{7C1F7BED-4868-433F-B98A-7B2E9FE97287}.Release|Any CPU.ActiveCfg = Release|Any CPU
		{7C1F7BED-4868-433F-B98A-7B2E9FE97287}.Release|Any CPU.Build.0 = Release|Any CPU
		{CE8E3BD7-3829-4717-BC54-2A231986892F}.Debug|Any CPU.ActiveCfg = Debug|Any CPU
		{CE8E3BD7-3829-4717-BC54-2A231986892F}.Debug|Any CPU.Build.0 = Debug|Any CPU
		{CE8E3BD7-3829-4717-BC54-2A231986892F}.Release|Any CPU.ActiveCfg = Release|Any CPU
		{CE8E3BD7-3829-4717-BC54-2A231986892F}.Release|Any CPU.Build.0 = Release|Any CPU
	EndGlobalSection
	GlobalSection(SolutionProperties) = preSolution
		HideSolutionNode = FALSE
	EndGlobalSection
	GlobalSection(ExtensibilityGlobals) = postSolution
		SolutionGuid = {77503F9F-ADBE-4BF0-A5A3-962249A98E1D}
	EndGlobalSection
EndGlobal
